
Microsoft Visual Studio Solution File, Format Version 12.00
# Visual Studio Version 17
VisualStudioVersion = 17.0.31912.275
MinimumVisualStudioVersion = 10.0.40219.1
Project("{FAE04EC0-301F-11D3-BF4B-00C04F79EFBC}") = "ProcessPurchaseOrder", "ProcessPurchaseOrder\ProcessPurchaseOrder.csproj", "{407ACC23-A011-4A33-BF67-4A47661C47A6}"
EndProject
Project("{FAE04EC0-301F-11D3-BF4B-00C04F79EFBC}") = "ProcessPurchaseOrderTests", "ProcessPurchaseOrderTests\ProcessPurchaseOrderTests.csproj", "{6286BC1E-4CF9-4116-9A1E-75E2564FC961}"
EndProject
Global
	GlobalSection(SolutionConfigurationPlatforms) = preSolution
		Debug|Any CPU = Debug|Any CPU
		Release|Any CPU = Release|Any CPU
	EndGlobalSection
	GlobalSection(ProjectConfigurationPlatforms) = postSolution
		{407ACC23-A011-4A33-BF67-4A47661C47A6}.Debug|Any CPU.ActiveCfg = Debug|Any CPU
		{407ACC23-A011-4A33-BF67-4A47661C47A6}.Debug|Any CPU.Build.0 = Debug|Any CPU
		{407ACC23-A011-4A33-BF67-4A47661C47A6}.Release|Any CPU.ActiveCfg = Release|Any CPU
		{407ACC23-A011-4A33-BF67-4A47661C47A6}.Release|Any CPU.Build.0 = Release|Any CPU
		{6286BC1E-4CF9-4116-9A1E-75E2564FC961}.Debug|Any CPU.ActiveCfg = Debug|Any CPU
		{6286BC1E-4CF9-4116-9A1E-75E2564FC961}.Debug|Any CPU.Build.0 = Debug|Any CPU
		{6286BC1E-4CF9-4116-9A1E-75E2564FC961}.Release|Any CPU.ActiveCfg = Release|Any CPU
		{6286BC1E-4CF9-4116-9A1E-75E2564FC961}.Release|Any CPU.Build.0 = Release|Any CPU
	EndGlobalSection
	GlobalSection(SolutionProperties) = preSolution
		HideSolutionNode = FALSE
	EndGlobalSection
	GlobalSection(ExtensibilityGlobals) = postSolution
		SolutionGuid = {CC955120-A8CC-4426-B23A-12EB8D98626F}
	EndGlobalSection
EndGlobal
